
Microsoft Visual Studio Solution File, Format Version 12.00
# Visual Studio Version 17
VisualStudioVersion = 17.0.32014.148
MinimumVisualStudioVersion = 10.0.40219.1
Project("{FAE04EC0-301F-11D3-BF4B-00C04F79EFBC}") = "WindowsFormsApp1", "WindowsFormsApp1\WindowsFormsApp1.csproj", "{04926B99-79AD-4AB1-99C2-CC80629B078D}"
EndProject
Global
	GlobalSection(SolutionConfigurationPlatforms) = preSolution
		Debug|Any CPU = Debug|Any CPU
		Release|Any CPU = Release|Any CPU
	EndGlobalSection
	GlobalSection(ProjectConfigurationPlatforms) = postSolution
		{04926B99-79AD-4AB1-99C2-CC80629B078D}.Debug|Any CPU.ActiveCfg = Debug|Any CPU
		{04926B99-79AD-4AB1-99C2-CC80629B078D}.Debug|Any CPU.Build.0 = Debug|Any CPU
		{04926B99-79AD-4AB1-99C2-CC80629B078D}.Release|Any CPU.ActiveCfg = Release|Any CPU
		{04926B99-79AD-4AB1-99C2-CC80629B078D}.Release|Any CPU.Build.0 = Release|Any CPU
	EndGlobalSection
	GlobalSection(SolutionProperties) = preSolution
		HideSolutionNode = FALSE
	EndGlobalSection
	GlobalSection(ExtensibilityGlobals) = postSolution
		SolutionGuid = {91A5735D-2098-4B29-800D-8FCE91DF7056}
	EndGlobalSection
EndGlobal
